
Microsoft Visual Studio Solution File, Format Version 12.00
# Visual Studio Version 16
VisualStudioVersion = 16.0.30523.141
MinimumVisualStudioVersion = 10.0.40219.1
Project("{FAE04EC0-301F-11D3-BF4B-00C04F79EFBC}") = "Lab3-1", "Lab3-1\Lab3-1.csproj", "{6490C516-A4A8-49B6-BE69-87EFCF3AB7CD}"
EndProject
Global
	GlobalSection(SolutionConfigurationPlatforms) = preSolution
		Debug|Any CPU = Debug|Any CPU
		Release|Any CPU = Release|Any CPU
	EndGlobalSection
	GlobalSection(ProjectConfigurationPlatforms) = postSolution
		{6490C516-A4A8-49B6-BE69-87EFCF3AB7CD}.Debug|Any CPU.ActiveCfg = Debug|Any CPU
		{6490C516-A4A8-49B6-BE69-87EFCF3AB7CD}.Debug|Any CPU.Build.0 = Debug|Any CPU
		{6490C516-A4A8-49B6-BE69-87EFCF3AB7CD}.Release|Any CPU.ActiveCfg = Release|Any CPU
		{6490C516-A4A8-49B6-BE69-87EFCF3AB7CD}.Release|Any CPU.Build.0 = Release|Any CPU
	EndGlobalSection
	GlobalSection(SolutionProperties) = preSolution
		HideSolutionNode = FALSE
	EndGlobalSection
	GlobalSection(ExtensibilityGlobals) = postSolution
		SolutionGuid = {228917D5-7DF0-4C16-90CD-110CE9C862EF}
	EndGlobalSection
EndGlobal
