
Microsoft Visual Studio Solution File, Format Version 12.00
# Visual Studio Version 16
VisualStudioVersion = 16.0.31729.503
MinimumVisualStudioVersion = 10.0.40219.1
Project("{FAE04EC0-301F-11D3-BF4B-00C04F79EFBC}") = "Lab6", "Lab6\Lab6.csproj", "{C00ACBE6-43F9-4EA6-8FE1-746C971D52EF}"
EndProject
Global
	GlobalSection(SolutionConfigurationPlatforms) = preSolution
		Debug|Any CPU = Debug|Any CPU
		Release|Any CPU = Release|Any CPU
	EndGlobalSection
	GlobalSection(ProjectConfigurationPlatforms) = postSolution
		{C00ACBE6-43F9-4EA6-8FE1-746C971D52EF}.Debug|Any CPU.ActiveCfg = Debug|Any CPU
		{C00ACBE6-43F9-4EA6-8FE1-746C971D52EF}.Debug|Any CPU.Build.0 = Debug|Any CPU
		{C00ACBE6-43F9-4EA6-8FE1-746C971D52EF}.Release|Any CPU.ActiveCfg = Release|Any CPU
		{C00ACBE6-43F9-4EA6-8FE1-746C971D52EF}.Release|Any CPU.Build.0 = Release|Any CPU
	EndGlobalSection
	GlobalSection(SolutionProperties) = preSolution
		HideSolutionNode = FALSE
	EndGlobalSection
	GlobalSection(ExtensibilityGlobals) = postSolution
		SolutionGuid = {7C339E7B-4A86-41B8-9CED-97E756B3BA04}
	EndGlobalSection
EndGlobal
