
Microsoft Visual Studio Solution File, Format Version 12.00
# Visual Studio Version 16
VisualStudioVersion = 16.0.31729.503
MinimumVisualStudioVersion = 10.0.40219.1
Project("{FAE04EC0-301F-11D3-BF4B-00C04F79EFBC}") = "Lab-1__AES-128", "Lab-1__AES-128\Lab-1__AES-128.csproj", "{872EFB5D-1DF1-45FC-A564-2925BCC072B7}"
EndProject
Global
	GlobalSection(SolutionConfigurationPlatforms) = preSolution
		Debug|Any CPU = Debug|Any CPU
		Release|Any CPU = Release|Any CPU
	EndGlobalSection
	GlobalSection(ProjectConfigurationPlatforms) = postSolution
		{872EFB5D-1DF1-45FC-A564-2925BCC072B7}.Debug|Any CPU.ActiveCfg = Debug|Any CPU
		{872EFB5D-1DF1-45FC-A564-2925BCC072B7}.Debug|Any CPU.Build.0 = Debug|Any CPU
		{872EFB5D-1DF1-45FC-A564-2925BCC072B7}.Release|Any CPU.ActiveCfg = Release|Any CPU
		{872EFB5D-1DF1-45FC-A564-2925BCC072B7}.Release|Any CPU.Build.0 = Release|Any CPU
	EndGlobalSection
	GlobalSection(SolutionProperties) = preSolution
		HideSolutionNode = FALSE
	EndGlobalSection
	GlobalSection(ExtensibilityGlobals) = postSolution
		SolutionGuid = {DDDFAA5A-DBBB-465F-8D35-473BB4C6CA62}
	EndGlobalSection
EndGlobal
