
Microsoft Visual Studio Solution File, Format Version 12.00
# Visual Studio Version 16
VisualStudioVersion = 16.0.31729.503
MinimumVisualStudioVersion = 10.0.40219.1
Project("{FAE04EC0-301F-11D3-BF4B-00C04F79EFBC}") = "Lab 8", "Lab 8\Lab 8.csproj", "{EA96EBC1-11FF-4DDA-A8B6-819392CC20A2}"
EndProject
Global
	GlobalSection(SolutionConfigurationPlatforms) = preSolution
		Debug|Any CPU = Debug|Any CPU
		Release|Any CPU = Release|Any CPU
	EndGlobalSection
	GlobalSection(ProjectConfigurationPlatforms) = postSolution
		{EA96EBC1-11FF-4DDA-A8B6-819392CC20A2}.Debug|Any CPU.ActiveCfg = Debug|Any CPU
		{EA96EBC1-11FF-4DDA-A8B6-819392CC20A2}.Debug|Any CPU.Build.0 = Debug|Any CPU
		{EA96EBC1-11FF-4DDA-A8B6-819392CC20A2}.Release|Any CPU.ActiveCfg = Release|Any CPU
		{EA96EBC1-11FF-4DDA-A8B6-819392CC20A2}.Release|Any CPU.Build.0 = Release|Any CPU
	EndGlobalSection
	GlobalSection(SolutionProperties) = preSolution
		HideSolutionNode = FALSE
	EndGlobalSection
	GlobalSection(ExtensibilityGlobals) = postSolution
		SolutionGuid = {DAC32645-9998-48E4-BE9C-3568886FA6DE}
	EndGlobalSection
EndGlobal
