
Microsoft Visual Studio Solution File, Format Version 12.00
# Visual Studio Version 16
VisualStudioVersion = 16.0.31729.503
MinimumVisualStudioVersion = 10.0.40219.1
Project("{FAE04EC0-301F-11D3-BF4B-00C04F79EFBC}") = "lab5", "lab5\lab5.csproj", "{BF668C0B-7958-4B9D-8508-6DEF7D6D1D66}"
EndProject
Global
	GlobalSection(SolutionConfigurationPlatforms) = preSolution
		Debug|Any CPU = Debug|Any CPU
		Release|Any CPU = Release|Any CPU
	EndGlobalSection
	GlobalSection(ProjectConfigurationPlatforms) = postSolution
		{BF668C0B-7958-4B9D-8508-6DEF7D6D1D66}.Debug|Any CPU.ActiveCfg = Debug|Any CPU
		{BF668C0B-7958-4B9D-8508-6DEF7D6D1D66}.Debug|Any CPU.Build.0 = Debug|Any CPU
		{BF668C0B-7958-4B9D-8508-6DEF7D6D1D66}.Release|Any CPU.ActiveCfg = Release|Any CPU
		{BF668C0B-7958-4B9D-8508-6DEF7D6D1D66}.Release|Any CPU.Build.0 = Release|Any CPU
	EndGlobalSection
	GlobalSection(SolutionProperties) = preSolution
		HideSolutionNode = FALSE
	EndGlobalSection
	GlobalSection(ExtensibilityGlobals) = postSolution
		SolutionGuid = {50DE5BC9-8314-41E3-887A-01C32796565C}
	EndGlobalSection
EndGlobal
