
Microsoft Visual Studio Solution File, Format Version 12.00
# Visual Studio Version 16
VisualStudioVersion = 16.0.30523.141
MinimumVisualStudioVersion = 10.0.40219.1
Project("{FAE04EC0-301F-11D3-BF4B-00C04F79EFBC}") = "Lab1-2", "Lab1-2\Lab1-2.csproj", "{0535CAC9-5478-4E8B-A0DE-67B9166A6543}"
EndProject
Global
	GlobalSection(SolutionConfigurationPlatforms) = preSolution
		Debug|Any CPU = Debug|Any CPU
		Release|Any CPU = Release|Any CPU
	EndGlobalSection
	GlobalSection(ProjectConfigurationPlatforms) = postSolution
		{0535CAC9-5478-4E8B-A0DE-67B9166A6543}.Debug|Any CPU.ActiveCfg = Debug|Any CPU
		{0535CAC9-5478-4E8B-A0DE-67B9166A6543}.Debug|Any CPU.Build.0 = Debug|Any CPU
		{0535CAC9-5478-4E8B-A0DE-67B9166A6543}.Release|Any CPU.ActiveCfg = Release|Any CPU
		{0535CAC9-5478-4E8B-A0DE-67B9166A6543}.Release|Any CPU.Build.0 = Release|Any CPU
	EndGlobalSection
	GlobalSection(SolutionProperties) = preSolution
		HideSolutionNode = FALSE
	EndGlobalSection
	GlobalSection(ExtensibilityGlobals) = postSolution
		SolutionGuid = {0A56605F-1608-4412-8AA6-7CCBBA938277}
	EndGlobalSection
EndGlobal
